Microsoft Visual Studio Solution File, Format Version 12.00
# Visual Studio Version 17
VisualStudioVersion = 17.5.2.0
MinimumVisualStudioVersion = 10.0.40219.1
Project("{2150E333-8FDC-42A3-9474-1A3956D46DE8}") = "mocks", "mocks", "{538F2A43-6114-6D32-FD9B-C27BFA77DD39}"
EndProject
Project("{2150E333-8FDC-42A3-9474-1A3956D46DE8}") = "TiendaOnline_Master_Plan", "TiendaOnline_Master_Plan", "{2A0BF217-8049-59DC-7442-D5A03EF9282B}"
EndProject
Project("{2150E333-8FDC-42A3-9474-1A3956D46DE8}") = "apps", "apps", "{1787FE1D-075E-9E68-7218-25F1BD1BBEAB}"
EndProject
Project("{2150E333-8FDC-42A3-9474-1A3956D46DE8}") = "fel-sat-mock", "fel-sat-mock", "{69F6D6D0-4585-1E53-4DD4-C5EA4C7DFCCE}"
EndProject
Project("{FAE04EC0-301F-11D3-BF4B-00C04F79EFBC}") = "FelSatMock.Api", "mocks\fel-sat-mock\FelSatMock.Api.csproj", "{FE4DD958-3BB6-485B-C897-135329316296}"
EndProject
Project("{2150E333-8FDC-42A3-9474-1A3956D46DE8}") = "mocks", "mocks", "{D8FEB991-FAE4-5392-5B6D-A95DA5C592BE}"
EndProject
Project("{2150E333-8FDC-42A3-9474-1A3956D46DE8}") = "fel-sat-mock", "fel-sat-mock", "{38DC0240-75D7-188F-D659-5B5F23A4BDEC}"
EndProject
Project("{FAE04EC0-301F-11D3-BF4B-00C04F79EFBC}") = "FelSatMock.Api", "TiendaOnline_Master_Plan\mocks\fel-sat-mock\FelSatMock.Api.csproj", "{B0FC1A14-3313-FCA0-1CDD-00B07BBB31DB}"
EndProject
Project("{2150E333-8FDC-42A3-9474-1A3956D46DE8}") = "api", "api", "{BC2D172B-13BC-136C-CDB1-4B1A687208C4}"
EndProject
Project("{2150E333-8FDC-42A3-9474-1A3956D46DE8}") = "src", "src", "{5297E159-35AB-900F-0FBF-1931F1997C37}"
EndProject
Project("{FAE04EC0-301F-11D3-BF4B-00C04F79EFBC}") = "TiendaOnline.Api", "apps\api\src\TiendaOnline.Api\TiendaOnline.Api.csproj", "{A218919A-0C4D-0EFF-1800-ABFCCE7AEB0D}"
EndProject
Project("{2150E333-8FDC-42A3-9474-1A3956D46DE8}") = "tests", "tests", "{858C69E3-D23F-514B-EBEF-81CDB591EF58}"
EndProject
Project("{FAE04EC0-301F-11D3-BF4B-00C04F79EFBC}") = "TiendaOnline.Api.Tests", "apps\api\tests\TiendaOnline.Api.Tests\TiendaOnline.Api.Tests.csproj", "{23122550-554D-F08D-FF05-311BD299230F}"
EndProject
Global
	GlobalSection(SolutionConfigurationPlatforms) = preSolution
		Debug|Any CPU = Debug|Any CPU
		Release|Any CPU = Release|Any CPU
	EndGlobalSection
	GlobalSection(ProjectConfigurationPlatforms) = postSolution
		{FE4DD958-3BB6-485B-C897-135329316296}.Debug|Any CPU.ActiveCfg = Debug|Any CPU
		{FE4DD958-3BB6-485B-C897-135329316296}.Debug|Any CPU.Build.0 = Debug|Any CPU
		{FE4DD958-3BB6-485B-C897-135329316296}.Release|Any CPU.ActiveCfg = Release|Any CPU
		{FE4DD958-3BB6-485B-C897-135329316296}.Release|Any CPU.Build.0 = Release|Any CPU
		{B0FC1A14-3313-FCA0-1CDD-00B07BBB31DB}.Debug|Any CPU.ActiveCfg = Debug|Any CPU
		{B0FC1A14-3313-FCA0-1CDD-00B07BBB31DB}.Debug|Any CPU.Build.0 = Debug|Any CPU
		{B0FC1A14-3313-FCA0-1CDD-00B07BBB31DB}.Release|Any CPU.ActiveCfg = Release|Any CPU
		{B0FC1A14-3313-FCA0-1CDD-00B07BBB31DB}.Release|Any CPU.Build.0 = Release|Any CPU
		{A218919A-0C4D-0EFF-1800-ABFCCE7AEB0D}.Debug|Any CPU.ActiveCfg = Debug|Any CPU
		{A218919A-0C4D-0EFF-1800-ABFCCE7AEB0D}.Debug|Any CPU.Build.0 = Debug|Any CPU
		{A218919A-0C4D-0EFF-1800-ABFCCE7AEB0D}.Release|Any CPU.ActiveCfg = Release|Any CPU
		{A218919A-0C4D-0EFF-1800-ABFCCE7AEB0D}.Release|Any CPU.Build.0 = Release|Any CPU
		{23122550-554D-F08D-FF05-311BD299230F}.Debug|Any CPU.ActiveCfg = Debug|Any CPU
		{23122550-554D-F08D-FF05-311BD299230F}.Debug|Any CPU.Build.0 = Debug|Any CPU
		{23122550-554D-F08D-FF05-311BD299230F}.Release|Any CPU.ActiveCfg = Release|Any CPU
		{23122550-554D-F08D-FF05-311BD299230F}.Release|Any CPU.Build.0 = Release|Any CPU
	EndGlobalSection
	GlobalSection(SolutionProperties) = preSolution
		HideSolutionNode = FALSE
	EndGlobalSection
	GlobalSection(NestedProjects) = preSolution
		{69F6D6D0-4585-1E53-4DD4-C5EA4C7DFCCE} = {538F2A43-6114-6D32-FD9B-C27BFA77DD39}
		{FE4DD958-3BB6-485B-C897-135329316296} = {69F6D6D0-4585-1E53-4DD4-C5EA4C7DFCCE}
		{D8FEB991-FAE4-5392-5B6D-A95DA5C592BE} = {2A0BF217-8049-59DC-7442-D5A03EF9282B}
		{38DC0240-75D7-188F-D659-5B5F23A4BDEC} = {D8FEB991-FAE4-5392-5B6D-A95DA5C592BE}
		{B0FC1A14-3313-FCA0-1CDD-00B07BBB31DB} = {38DC0240-75D7-188F-D659-5B5F23A4BDEC}
		{BC2D172B-13BC-136C-CDB1-4B1A687208C4} = {1787FE1D-075E-9E68-7218-25F1BD1BBEAB}
		{5297E159-35AB-900F-0FBF-1931F1997C37} = {BC2D172B-13BC-136C-CDB1-4B1A687208C4}
		{A218919A-0C4D-0EFF-1800-ABFCCE7AEB0D} = {5297E159-35AB-900F-0FBF-1931F1997C37}
		{858C69E3-D23F-514B-EBEF-81CDB591EF58} = {BC2D172B-13BC-136C-CDB1-4B1A687208C4}
		{23122550-554D-F08D-FF05-311BD299230F} = {858C69E3-D23F-514B-EBEF-81CDB591EF58}
	EndGlobalSection
	GlobalSection(ExtensibilityGlobals) = postSolution
		SolutionGuid = {F4954172-1FFB-4D3C-B7CA-DD992C0702C3}
	EndGlobalSection
EndGlobal
